
Microsoft Visual Studio Solution File, Format Version 12.00
Project("{FAE04EC0-301F-11D3-BF4B-00C04F79EFBC}") = ".", "aggregate-service.csproj", "{BFEE24BA-C00D-4F1F-949B-C8F190EF81F5}"
EndProject
Global
	GlobalSection(SolutionConfigurationPlatforms) = preSolution
		Debug|Any CPU = Debug|Any CPU
		Release|Any CPU = Release|Any CPU
	EndGlobalSection
	GlobalSection(ProjectConfigurationPlatforms) = postSolution
		{BFEE24BA-C00D-4F1F-949B-C8F190EF81F5}.Debug|Any CPU.ActiveCfg = Debug|Any CPU
		{BFEE24BA-C00D-4F1F-949B-C8F190EF81F5}.Debug|Any CPU.Build.0 = Debug|Any CPU
		{BFEE24BA-C00D-4F1F-949B-C8F190EF81F5}.Release|Any CPU.ActiveCfg = Release|Any CPU
		{BFEE24BA-C00D-4F1F-949B-C8F190EF81F5}.Release|Any CPU.Build.0 = Release|Any CPU
	EndGlobalSection
EndGlobal
